// !$*UTF8*$!
{
	archiveVersion = 1;
	classes = {
	};
	objectVersion = 50;
	objects = {

/* Begin PBXBuildFile section */
		BB069ECF23FEA2D700DD159F /* main.swift in Sources */ = {isa = PBXBuildFile; fileRef = BB069ECE23FEA2D700DD159F /* main.swift */; };
		BB2CF0582403BCAD005157AA /* BinaryTree.swift in Sources */ = {isa = PBXBuildFile; fileRef = BB2CF0572403BCAD005157AA /* BinaryTree.swift */; };
		BB2CF05A2403BD48005157AA /* BinaryTreeTestCase.swift in Sources */ = {isa = PBXBuildFile; fileRef = BB2CF0592403BD48005157AA /* BinaryTreeTestCase.swift */; };
		BB2CF05C2403C014005157AA /* TreeVisualizationExtension.swift in Sources */ = {isa = PBXBuildFile; fileRef = BB2CF05B2403C014005157AA /* TreeVisualizationExtension.swift */; };
		BB2CF05D2403C08A005157AA /* BinaryTree.swift in Sources */ = {isa = PBXBuildFile; fileRef = BB2CF0572403BCAD005157AA /* BinaryTree.swift */; };
		BB2CF05E2403C091005157AA /* TreeVisualizationExtension.swift in Sources */ = {isa = PBXBuildFile; fileRef = BB2CF05B2403C014005157AA /* TreeVisualizationExtension.swift */; };
/* End PBXBuildFile section */

/* Begin PBXCopyFilesBuildPhase section */
		BB069EC923FEA2D700DD159F /* CopyFiles */ = {
			isa = PBXCopyFilesBuildPhase;
			buildActionMask = 2147483647;
			dstPath = /usr/share/man/man1/;
			dstSubfolderSpec = 0;
			files = (
			);
			runOnlyForDeploymentPostprocessing = 1;
		};
/* End PBXCopyFilesBuildPhase section */

/* Begin PBXFileReference section */
		BB069ECB23FEA2D700DD159F /* SwiftAlgorithm */ = {isa = PBXFileReference; explicitFileType = "compiled.mach-o.executable"; includeInIndex = 0; path = SwiftAlgorithm; sourceTree = BUILT_PRODUCTS_DIR; };
		BB069ECE23FEA2D700DD159F /* main.swift */ = {isa = PBXFileReference; lastKnownFileType = sourcecode.swift; path = main.swift; sourceTree = "<group>"; };
		BB069ED923FEA30000DD159F /* SwiftAlgorithmTests.xctest */ = {isa = PBXFileReference; explicitFileType = wrapper.cfbundle; includeInIndex = 0; path = SwiftAlgorithmTests.xctest; sourceTree = BUILT_PRODUCTS_DIR; };
		BB069EDD23FEA30000DD159F /* Info.plist */ = {isa = PBXFileReference; lastKnownFileType = text.plist.xml; path = Info.plist; sourceTree = "<group>"; };
		BB2CF0572403BCAD005157AA /* BinaryTree.swift */ = {isa = PBXFileReference; lastKnownFileType = sourcecode.swift; path = BinaryTree.swift; sourceTree = "<group>"; };
		BB2CF0592403BD48005157AA /* BinaryTreeTestCase.swift */ = {isa = PBXFileReference; lastKnownFileType = sourcecode.swift; path = BinaryTreeTestCase.swift; sourceTree = "<group>"; };
		BB2CF05B2403C014005157AA /* TreeVisualizationExtension.swift */ = {isa = PBXFileReference; lastKnownFileType = sourcecode.swift; path = TreeVisualizationExtension.swift; sourceTree = "<group>"; };
/* End PBXFileReference section */

/* Begin PBXFrameworksBuildPhase section */
		BB069EC823FEA2D700DD159F /* Frameworks */ = {
			isa = PBXFrameworksBuildPhase;
			buildActionMask = 2147483647;
			files = (
			);
			runOnlyForDeploymentPostprocessing = 0;
		};
		BB069ED623FEA30000DD159F /* Frameworks */ = {
			isa = PBXFrameworksBuildPhase;
			buildActionMask = 2147483647;
			files = (
			);
			runOnlyForDeploymentPostprocessing = 0;
		};
/* End PBXFrameworksBuildPhase section */

/* Begin PBXGroup section */
		BB069EC223FEA2D700DD159F = {
			isa = PBXGroup;
			children = (
				BB069ECD23FEA2D700DD159F /* SwiftAlgorithm */,
				BB069EDA23FEA30000DD159F /* SwiftAlgorithmTests */,
				BB069ECC23FEA2D700DD159F /* Products */,
			);
			sourceTree = "<group>";
		};
		BB069ECC23FEA2D700DD159F /* Products */ = {
			isa = PBXGroup;
			children = (
				BB069ECB23FEA2D700DD159F /* SwiftAlgorithm */,
				BB069ED923FEA30000DD159F /* SwiftAlgorithmTests.xctest */,
			);
			name = Products;
			sourceTree = "<group>";
		};
		BB069ECD23FEA2D700DD159F /* SwiftAlgorithm */ = {
			isa = PBXGroup;
			children = (
				BB2CF0562403BC92005157AA /* Tree */,
				BB069ECE23FEA2D700DD159F /* main.swift */,
			);
			path = SwiftAlgorithm;
			sourceTree = "<group>";
		};
		BB069EDA23FEA30000DD159F /* SwiftAlgorithmTests */ = {
			isa = PBXGroup;
			children = (
				BB069EDD23FEA30000DD159F /* Info.plist */,
				BB2CF0592403BD48005157AA /* BinaryTreeTestCase.swift */,
			);
			path = SwiftAlgorithmTests;
			sourceTree = "<group>";
		};
		BB2CF0562403BC92005157AA /* Tree */ = {
			isa = PBXGroup;
			children = (
				BB2CF0572403BCAD005157AA /* BinaryTree.swift */,
				BB2CF05B2403C014005157AA /* TreeVisualizationExtension.swift */,
			);
			path = Tree;
			sourceTree = "<group>";
		};
/* End PBXGroup section */

/* Begin PBXNativeTarget section */
		BB069ECA23FEA2D700DD159F /* SwiftAlgorithm */ = {
			isa = PBXNativeTarget;
			buildConfigurationList = BB069ED223FEA2D700DD159F /* Build configuration list for PBXNativeTarget "SwiftAlgorithm" */;
			buildPhases = (
				BB069EC723FEA2D700DD159F /* Sources */,
				BB069EC823FEA2D700DD159F /* Frameworks */,
				BB069EC923FEA2D700DD159F /* CopyFiles */,
			);
			buildRules = (
			);
			dependencies = (
			);
			name = SwiftAlgorithm;
			productName = SwiftAlgorithm;
			productReference = BB069ECB23FEA2D700DD159F /* SwiftAlgorithm */;
			productType = "com.apple.product-type.tool";
		};
		BB069ED823FEA30000DD159F /* SwiftAlgorithmTests */ = {
			isa = PBXNativeTarget;
			buildConfigurationList = BB069EDE23FEA30000DD159F /* Build configuration list for PBXNativeTarget "SwiftAlgorithmTests" */;
			buildPhases = (
				BB069ED523FEA30000DD159F /* Sources */,
				BB069ED623FEA30000DD159F /* Frameworks */,
				BB069ED723FEA30000DD159F /* Resources */,
			);
			buildRules = (
			);
			dependencies = (
			);
			name = SwiftAlgorithmTests;
			productName = SwiftAlgorithmTests;
			productReference = BB069ED923FEA30000DD159F /* SwiftAlgorithmTests.xctest */;
			productType = "com.apple.product-type.bundle.unit-test";
		};
/* End PBXNativeTarget section */

/* Begin PBXProject section */
		BB069EC323FEA2D700DD159F /* Project object */ = {
			isa = PBXProject;
			attributes = {
				LastSwiftUpdateCheck = 1130;
				LastUpgradeCheck = 1130;
				ORGANIZATIONNAME = symbolicTrace;
				TargetAttributes = {
					BB069ECA23FEA2D700DD159F = {
						CreatedOnToolsVersion = 11.3;
					};
					BB069ED823FEA30000DD159F = {
						CreatedOnToolsVersion = 11.3;
					};
				};
			};
			buildConfigurationList = BB069EC623FEA2D700DD159F /* Build configuration list for PBXProject "SwiftAlgorithm" */;
			compatibilityVersion = "Xcode 9.3";
			developmentRegion = en;
			hasScannedForEncodings = 0;
			knownRegions = (
				en,
				Base,
			);
			mainGroup = BB069EC223FEA2D700DD159F;
			productRefGroup = BB069ECC23FEA2D700DD159F /* Products */;
			projectDirPath = "";
			projectRoot = "";
			targets = (
				BB069ECA23FEA2D700DD159F /* SwiftAlgorithm */,
				BB069ED823FEA30000DD159F /* SwiftAlgorithmTests */,
			);
		};
/* End PBXProject section */

/* Begin PBXResourcesBuildPhase section */
		BB069ED723FEA30000DD159F /* Resources */ = {
			isa = PBXResourcesBuildPhase;
			buildActionMask = 2147483647;
			files = (
			);
			runOnlyForDeploymentPostprocessing = 0;
		};
/* End PBXResourcesBuildPhase section */

/* Begin PBXSourcesBuildPhase section */
		BB069EC723FEA2D700DD159F /* Sources */ = {
			isa = PBXSourcesBuildPhase;
			buildActionMask = 2147483647;
			files = (
				BB2CF05C2403C014005157AA /* TreeVisualizationExtension.swift in Sources */,
				BB2CF0582403BCAD005157AA /* BinaryTree.swift in Sources */,
				BB069ECF23FEA2D700DD159F /* main.swift in Sources */,
			);
			runOnlyForDeploymentPostprocessing = 0;
		};
		BB069ED523FEA30000DD159F /* Sources */ = {
			isa = PBXSourcesBuildPhase;
			buildActionMask = 2147483647;
			files = (
				BB2CF05E2403C091005157AA /* TreeVisualizationExtension.swift in Sources */,
				BB2CF05D2403C08A005157AA /* BinaryTree.swift in Sources */,
				BB2CF05A2403BD48005157AA /* BinaryTreeTestCase.swift in Sources */,
			);
			runOnlyForDeploymentPostprocessing = 0;
		};
/* End PBXSourcesBuildPhase section */

/* Begin XCBuildConfiguration section */
		BB069ED023FEA2D700DD159F /* Debug */ = {
			isa = XCBuildConfiguration;
			buildSettings = {
				ALWAYS_SEARCH_USER_PATHS = NO;
				CLANG_ANALYZER_NONNULL = YES;
				CLANG_ANALYZER_NUMBER_OBJECT_CONVERSION = YES_AGGRESSIVE;
				CLANG_CXX_LANGUAGE_STANDARD = "gnu++14";
				CLANG_CXX_LIBRARY = "libc++";
				CLANG_ENABLE_MODULES = YES;
				CLANG_ENABLE_OBJC_ARC = YES;
				CLANG_ENABLE_OBJC_WEAK = YES;
				CLANG_WARN_BLOCK_CAPTURE_AUTORELEASING = YES;
				CLANG_WARN_BOOL_CONVERSION = YES;
				CLANG_WARN_COMMA = YES;
				CLANG_WARN_CONSTANT_CONVERSION = YES;
				CLANG_WARN_DEPRECATED_OBJC_IMPLEMENTATIONS = YES;
				CLANG_WARN_DIRECT_OBJC_ISA_USAGE = YES_ERROR;
				CLANG_WARN_DOCUMENTATION_COMMENTS = YES;
				CLANG_WARN_EMPTY_BODY = YES;
				CLANG_WARN_ENUM_CONVERSION = YES;
				CLANG_WARN_INFINITE_RECURSION = YES;
				CLANG_WARN_INT_CONVERSION = YES;
				CLANG_WARN_NON_LITERAL_NULL_CONVERSION = YES;
				CLANG_WARN_OBJC_IMPLICIT_RETAIN_SELF = YES;
				CLANG_WARN_OBJC_LITERAL_CONVERSION = YES;
				CLANG_WARN_OBJC_ROOT_CLASS = YES_ERROR;
				CLANG_WARN_RANGE_LOOP_ANALYSIS = YES;
				CLANG_WARN_STRICT_PROTOTYPES = YES;
				CLANG_WARN_SUSPICIOUS_MOVE = YES;
				CLANG_WARN_UNGUARDED_AVAILABILITY = YES_AGGRESSIVE;
				CLANG_WARN_UNREACHABLE_CODE = YES;
				CLANG_WARN__DUPLICATE_METHOD_MATCH = YES;
				COPY_PHASE_STRIP = NO;
				DEBUG_INFORMATION_FORMAT = dwarf;
				ENABLE_STRICT_OBJC_MSGSEND = YES;
				ENABLE_TESTABILITY = YES;
				GCC_C_LANGUAGE_STANDARD = gnu11;
				GCC_DYNAMIC_NO_PIC = NO;
				GCC_NO_COMMON_BLOCKS = YES;
				GCC_OPTIMIZATION_LEVEL = 0;
				GCC_PREPROCESSOR_DEFINITIONS = (
					"DEBUG=1",
					"$(inherited)",
				);
				GCC_WARN_64_TO_32_BIT_CONVERSION = YES;
				GCC_WARN_ABOUT_RETURN_TYPE = YES_ERROR;
				GCC_WARN_UNDECLARED_SELECTOR = YES;
				GCC_WARN_UNINITIALIZED_AUTOS = YES_AGGRESSIVE;
				GCC_WARN_UNUSED_FUNCTION = YES;
				GCC_WARN_UNUSED_VARIABLE = YES;
				MACOSX_DEPLOYMENT_TARGET = 10.15;
				MTL_ENABLE_DEBUG_INFO = INCLUDE_SOURCE;
				MTL_FAST_MATH = YES;
				ONLY_ACTIVE_ARCH = YES;
				SDKROOT = macosx;
				SWIFT_ACTIVE_COMPILATION_CONDITIONS = DEBUG;
				SWIFT_OPTIMIZATION_LEVEL = "-Onone";
			};
			name = Debug;
		};
		BB069ED123FEA2D700DD159F /* Release */ = {
			isa = XCBuildConfiguration;
			buildSettings = {
				ALWAYS_SEARCH_USER_PATHS = NO;
				CLANG_ANALYZER_NONNULL = YES;
				CLANG_ANALYZER_NUMBER_OBJECT_CONVERSION = YES_AGGRESSIVE;
				CLANG_CXX_LANGUAGE_STANDARD = "gnu++14";
				CLANG_CXX_LIBRARY = "libc++";
				CLANG_ENABLE_MODULES = YES;
				CLANG_ENABLE_OBJC_ARC = YES;
				CLANG_ENABLE_OBJC_WEAK = YES;
				CLANG_WARN_BLOCK_CAPTURE_AUTORELEASING = YES;
				CLANG_WARN_BOOL_CONVERSION = YES;
				CLANG_WARN_COMMA = YES;
				CLANG_WARN_CONSTANT_CONVERSION = YES;
				CLANG_WARN_DEPRECATED_OBJC_IMPLEMENTATIONS = YES;
				CLANG_WARN_DIRECT_OBJC_ISA_USAGE = YES_ERROR;
				CLANG_WARN_DOCUMENTATION_COMMENTS = YES;
				CLANG_WARN_EMPTY_BODY = YES;
				CLANG_WARN_ENUM_CONVERSION = YES;
				CLANG_WARN_INFINITE_RECURSION = YES;
				CLANG_WARN_INT_CONVERSION = YES;
				CLANG_WARN_NON_LITERAL_NULL_CONVERSION = YES;
				CLANG_WARN_OBJC_IMPLICIT_RETAIN_SELF = YES;
				CLANG_WARN_OBJC_LITERAL_CONVERSION = YES;
				CLANG_WARN_OBJC_ROOT_CLASS = YES_ERROR;
				CLANG_WARN_RANGE_LOOP_ANALYSIS = YES;
				CLANG_WARN_STRICT_PROTOTYPES = YES;
				CLANG_WARN_SUSPICIOUS_MOVE = YES;
				CLANG_WARN_UNGUARDED_AVAILABILITY = YES_AGGRESSIVE;
				CLANG_WARN_UNREACHABLE_CODE = YES;
				CLANG_WARN__DUPLICATE_METHOD_MATCH = YES;
				COPY_PHASE_STRIP = NO;
				DEBUG_INFORMATION_FORMAT = "dwarf-with-dsym";
				ENABLE_NS_ASSERTIONS = NO;
				ENABLE_STRICT_OBJC_MSGSEND = YES;
				GCC_C_LANGUAGE_STANDARD = gnu11;
				GCC_NO_COMMON_BLOCKS = YES;
				GCC_WARN_64_TO_32_BIT_CONVERSION = YES;
				GCC_WARN_ABOUT_RETURN_TYPE = YES_ERROR;
				GCC_WARN_UNDECLARED_SELECTOR = YES;
				GCC_WARN_UNINITIALIZED_AUTOS = YES_AGGRESSIVE;
				GCC_WARN_UNUSED_FUNCTION = YES;
				GCC_WARN_UNUSED_VARIABLE = YES;
				MACOSX_DEPLOYMENT_TARGET = 10.15;
				MTL_ENABLE_DEBUG_INFO = NO;
				MTL_FAST_MATH = YES;
				SDKROOT = macosx;
				SWIFT_COMPILATION_MODE = wholemodule;
				SWIFT_OPTIMIZATION_LEVEL = "-O";
			};
			name = Release;
		};
		BB069ED323FEA2D700DD159F /* Debug */ = {
			isa = XCBuildConfiguration;
			buildSettings = {
				CODE_SIGN_STYLE = Automatic;
				DEVELOPMENT_TEAM = 686P35FPVA;
				ENABLE_HARDENED_RUNTIME = YES;
				PRODUCT_NAME = "$(TARGET_NAME)";
				SWIFT_VERSION = 5.0;
			};
			name = Debug;
		};
		BB069ED423FEA2D700DD159F /* Release */ = {
			isa = XCBuildConfiguration;
			buildSettings = {
				CODE_SIGN_STYLE = Automatic;
				DEVELOPMENT_TEAM = 686P35FPVA;
				ENABLE_HARDENED_RUNTIME = YES;
				PRODUCT_NAME = "$(TARGET_NAME)";
				SWIFT_VERSION = 5.0;
			};
			name = Release;
		};
		BB069EDF23FEA30000DD159F /* Debug */ = {
			isa = XCBuildConfiguration;
			buildSettings = {
				CODE_SIGN_STYLE = Automatic;
				COMBINE_HIDPI_IMAGES = YES;
				DEVELOPMENT_TEAM = 686P35FPVA;
				INFOPLIST_FILE = SwiftAlgorithmTests/Info.plist;
				LD_RUNPATH_SEARCH_PATHS = (
					"$(inherited)",
					"@executable_path/../Frameworks",
					"@loader_path/../Frameworks",
				);
				PRODUCT_BUNDLE_IDENTIFIER = symbolicTrace.SwiftAlgorithmTests;
				PRODUCT_NAME = "$(TARGET_NAME)";
				SWIFT_VERSION = 5.0;
			};
			name = Debug;
		};
		BB069EE023FEA30000DD159F /* Release */ = {
			isa = XCBuildConfiguration;
			buildSettings = {
				CODE_SIGN_STYLE = Automatic;
				COMBINE_HIDPI_IMAGES = YES;
				DEVELOPMENT_TEAM = 686P35FPVA;
				INFOPLIST_FILE = SwiftAlgorithmTests/Info.plist;
				LD_RUNPATH_SEARCH_PATHS = (
					"$(inherited)",
					"@executable_path/../Frameworks",
					"@loader_path/../Frameworks",
				);
				PRODUCT_BUNDLE_IDENTIFIER = symbolicTrace.SwiftAlgorithmTests;
				PRODUCT_NAME = "$(TARGET_NAME)";
				SWIFT_VERSION = 5.0;
			};
			name = Release;
		};
/* End XCBuildConfiguration section */

/* Begin XCConfigurationList section */
		BB069EC623FEA2D700DD159F /* Build configuration list for PBXProject "SwiftAlgorithm" */ = {
			isa = XCConfigurationList;
			buildConfigurations = (
				BB069ED023FEA2D700DD159F /* Debug */,
				BB069ED123FEA2D700DD159F /* Release */,
			);
			defaultConfigurationIsVisible = 0;
			defaultConfigurationName = Release;
		};
		BB069ED223FEA2D700DD159F /* Build configuration list for PBXNativeTarget "SwiftAlgorithm" */ = {
			isa = XCConfigurationList;
			buildConfigurations = (
				BB069ED323FEA2D700DD159F /* Debug */,
				BB069ED423FEA2D700DD159F /* Release */,
			);
			defaultConfigurationIsVisible = 0;
			defaultConfigurationName = Release;
		};
		BB069EDE23FEA30000DD159F /* Build configuration list for PBXNativeTarget "SwiftAlgorithmTests" */ = {
			isa = XCConfigurationList;
			buildConfigurations = (
				BB069EDF23FEA30000DD159F /* Debug */,
				BB069EE023FEA30000DD159F /* Release */,
			);
			defaultConfigurationIsVisible = 0;
			defaultConfigurationName = Release;
		};
/* End XCConfigurationList section */
	};
	rootObject = BB069EC323FEA2D700DD159F /* Project object */;
}
